
Microsoft Visual Studio Solution File, Format Version 11.00
# Visual Studio 2010
Project("{F184B08F-C81C-45F6-A57F-5ABD9991F28F}") = "700513X_Ass2", "700513X_Ass2\700513X_Ass2.vbproj", "{7CCA78AB-C6D1-4C1D-9200-B8EF6B7DA132}"
EndProject
Global
	GlobalSection(SolutionConfigurationPlatforms) = preSolution
		Debug|x86 = Debug|x86
		Release|x86 = Release|x86
	EndGlobalSection
	GlobalSection(ProjectConfigurationPlatforms) = postSolution
		{7CCA78AB-C6D1-4C1D-9200-B8EF6B7DA132}.Debug|x86.ActiveCfg = Debug|x86
		{7CCA78AB-C6D1-4C1D-9200-B8EF6B7DA132}.Debug|x86.Build.0 = Debug|x86
		{7CCA78AB-C6D1-4C1D-9200-B8EF6B7DA132}.Release|x86.ActiveCfg = Release|x86
		{7CCA78AB-C6D1-4C1D-9200-B8EF6B7DA132}.Release|x86.Build.0 = Release|x86
	EndGlobalSection
	GlobalSection(SolutionProperties) = preSolution
		HideSolutionNode = FALSE
	EndGlobalSection
EndGlobal
